// !$*UTF8*$!
{
	archiveVersion = 1;
	classes = {
	};
	objectVersion = 46;
	objects = {

/* Begin PBXBuildFile section */
		FB8454091E97110F00A24196 /* AppDelegate.swift in Sources */ = {isa = PBXBuildFile; fileRef = FB8454081E97110F00A24196 /* AppDelegate.swift */; };
		FB84540B1E97110F00A24196 /* ViewController.swift in Sources */ = {isa = PBXBuildFile; fileRef = FB84540A1E97110F00A24196 /* ViewController.swift */; };
		FB84540E1E97110F00A24196 /* Main.storyboard in Resources */ = {isa = PBXBuildFile; fileRef = FB84540C1E97110F00A24196 /* Main.storyboard */; };
		FB8454101E97110F00A24196 /* Assets.xcassets in Resources */ = {isa = PBXBuildFile; fileRef = FB84540F1E97110F00A24196 /* Assets.xcassets */; };
		FB8454131E97110F00A24196 /* LaunchScreen.storyboard in Resources */ = {isa = PBXBuildFile; fileRef = FB8454111E97110F00A24196 /* LaunchScreen.storyboard */; };
/* End PBXBuildFile section */

/* Begin PBXFileReference section */
		FB8454051E97110F00A24196 /* Core Location en IOS.app */ = {isa = PBXFileReference; explicitFileType = wrapper.application; includeInIndex = 0; path = "Core Location en IOS.app"; sourceTree = BUILT_PRODUCTS_DIR; };
		FB8454081E97110F00A24196 /* AppDelegate.swift */ = {isa = PBXFileReference; lastKnownFileType = sourcecode.swift; path = AppDelegate.swift; sourceTree = "<group>"; };
		FB84540A1E97110F00A24196 /* ViewController.swift */ = {isa = PBXFileReference; lastKnownFileType = sourcecode.swift; path = ViewController.swift; sourceTree = "<group>"; };
		FB84540D1E97110F00A24196 /* Base */ = {isa = PBXFileReference; lastKnownFileType = file.storyboard; name = Base; path = Base.lproj/Main.storyboard; sourceTree = "<group>"; };
		FB84540F1E97110F00A24196 /* Assets.xcassets */ = {isa = PBXFileReference; lastKnownFileType = folder.assetcatalog; path = Assets.xcassets; sourceTree = "<group>"; };
		FB8454121E97110F00A24196 /* Base */ = {isa = PBXFileReference; lastKnownFileType = file.storyboard; name = Base; path = Base.lproj/LaunchScreen.storyboard; sourceTree = "<group>"; };
		FB8454141E97110F00A24196 /* Info.plist */ = {isa = PBXFileReference; lastKnownFileType = text.plist.xml; path = Info.plist; sourceTree = "<group>"; };
/* End PBXFileReference section */

/* Begin PBXFrameworksBuildPhase section */
		FB8454021E97110F00A24196 /* Frameworks */ = {
			isa = PBXFrameworksBuildPhase;
			buildActionMask = 2147483647;
			files = (
			);
			runOnlyForDeploymentPostprocessing = 0;
		};
/* End PBXFrameworksBuildPhase section */

/* Begin PBXGroup section */
		FB8453FC1E97110E00A24196 = {
			isa = PBXGroup;
			children = (
				FB8454071E97110F00A24196 /* Core Location en IOS */,
				FB8454061E97110F00A24196 /* Products */,
			);
			sourceTree = "<group>";
		};
		FB8454061E97110F00A24196 /* Products */ = {
			isa = PBXGroup;
			children = (
				FB8454051E97110F00A24196 /* Core Location en IOS.app */,
			);
			name = Products;
			sourceTree = "<group>";
		};
		FB8454071E97110F00A24196 /* Core Location en IOS */ = {
			isa = PBXGroup;
			children = (
				FB8454081E97110F00A24196 /* AppDelegate.swift */,
				FB84540A1E97110F00A24196 /* ViewController.swift */,
				FB84540C1E97110F00A24196 /* Main.storyboard */,
				FB84540F1E97110F00A24196 /* Assets.xcassets */,
				FB8454111E97110F00A24196 /* LaunchScreen.storyboard */,
				FB8454141E97110F00A24196 /* Info.plist */,
			);
			path = "Core Location en IOS";
			sourceTree = "<group>";
		};
/* End PBXGroup section */

/* Begin PBXNativeTarget section */
		FB8454041E97110F00A24196 /* Core Location en IOS */ = {
			isa = PBXNativeTarget;
			buildConfigurationList = FB8454171E97110F00A24196 /* Build configuration list for PBXNativeTarget "Core Location en IOS" */;
			buildPhases = (
				FB8454011E97110F00A24196 /* Sources */,
				FB8454021E97110F00A24196 /* Frameworks */,
				FB8454031E97110F00A24196 /* Resources */,
			);
			buildRules = (
			);
			dependencies = (
			);
			name = "Core Location en IOS";
			productName = "Core Location en IOS";
			productReference = FB8454051E97110F00A24196 /* Core Location en IOS.app */;
			productType = "com.apple.product-type.application";
		};
/* End PBXNativeTarget section */

/* Begin PBXProject section */
		FB8453FD1E97110E00A24196 /* Project object */ = {
			isa = PBXProject;
			attributes = {
				LastSwiftUpdateCheck = 0800;
				LastUpgradeCheck = 0800;
				ORGANIZATIONNAME = william;
				TargetAttributes = {
					FB8454041E97110F00A24196 = {
						CreatedOnToolsVersion = 8.0;
						DevelopmentTeam = 6UK6WGBK4Q;
						ProvisioningStyle = Automatic;
					};
				};
			};
			buildConfigurationList = FB8454001E97110F00A24196 /* Build configuration list for PBXProject "Core Location en IOS" */;
			compatibilityVersion = "Xcode 3.2";
			developmentRegion = English;
			hasScannedForEncodings = 0;
			knownRegions = (
				en,
				Base,
			);
			mainGroup = FB8453FC1E97110E00A24196;
			productRefGroup = FB8454061E97110F00A24196 /* Products */;
			projectDirPath = "";
			projectRoot = "";
			targets = (
				FB8454041E97110F00A24196 /* Core Location en IOS */,
			);
		};
/* End PBXProject section */

/* Begin PBXResourcesBuildPhase section */
		FB8454031E97110F00A24196 /* Resources */ = {
			isa = PBXResourcesBuildPhase;
			buildActionMask = 2147483647;
			files = (
				FB8454131E97110F00A24196 /* LaunchScreen.storyboard in Resources */,
				FB8454101E97110F00A24196 /* Assets.xcassets in Resources */,
				FB84540E1E97110F00A24196 /* Main.storyboard in Resources */,
			);
			runOnlyForDeploymentPostprocessing = 0;
		};
/* End PBXResourcesBuildPhase section */

/* Begin PBXSourcesBuildPhase section */
		FB8454011E97110F00A24196 /* Sources */ = {
			isa = PBXSourcesBuildPhase;
			buildActionMask = 2147483647;
			files = (
				FB84540B1E97110F00A24196 /* ViewController.swift in Sources */,
				FB8454091E97110F00A24196 /* AppDelegate.swift in Sources */,
			);
			runOnlyForDeploymentPostprocessing = 0;
		};
/* End PBXSourcesBuildPhase section */

/* Begin PBXVariantGroup section */
		FB84540C1E97110F00A24196 /* Main.storyboard */ = {
			isa = PBXVariantGroup;
			children = (
				FB84540D1E97110F00A24196 /* Base */,
			);
			name = Main.storyboard;
			sourceTree = "<group>";
		};
		FB8454111E97110F00A24196 /* LaunchScreen.storyboard */ = {
			isa = PBXVariantGroup;
			children = (
				FB8454121E97110F00A24196 /* Base */,
			);
			name = LaunchScreen.storyboard;
			sourceTree = "<group>";
		};
/* End PBXVariantGroup section */

/* Begin XCBuildConfiguration section */
		FB8454151E97110F00A24196 /* Debug */ = {
			isa = XCBuildConfiguration;
			buildSettings = {
				ALWAYS_SEARCH_USER_PATHS = NO;
				CLANG_ANALYZER_NONNULL = YES;
				CLANG_CXX_LANGUAGE_STANDARD = "gnu++0x";
				CLANG_CXX_LIBRARY = "libc++";
				CLANG_ENABLE_MODULES = YES;
				CLANG_ENABLE_OBJC_ARC = YES;
				CLANG_WARN_BOOL_CONVERSION = YES;
				CLANG_WARN_CONSTANT_CONVERSION = YES;
				CLANG_WARN_DIRECT_OBJC_ISA_USAGE = YES_ERROR;
				CLANG_WARN_DOCUMENTATION_COMMENTS = YES;
				CLANG_WARN_EMPTY_BODY = YES;
				CLANG_WARN_ENUM_CONVERSION = YES;
				CLANG_WARN_INFINITE_RECURSION = YES;
				CLANG_WARN_INT_CONVERSION = YES;
				CLANG_WARN_OBJC_ROOT_CLASS = YES_ERROR;
				CLANG_WARN_SUSPICIOUS_MOVES = YES;
				CLANG_WARN_UNREACHABLE_CODE = YES;
				CLANG_WARN__DUPLICATE_METHOD_MATCH = YES;
				"CODE_SIGN_IDENTITY[sdk=iphoneos*]" = "iPhone Developer";
				COPY_PHASE_STRIP = NO;
				DEBUG_INFORMATION_FORMAT = dwarf;
				ENABLE_STRICT_OBJC_MSGSEND = YES;
				ENABLE_TESTABILITY = YES;
				GCC_C_LANGUAGE_STANDARD = gnu99;
				GCC_DYNAMIC_NO_PIC = NO;
				GCC_NO_COMMON_BLOCKS = YES;
				GCC_OPTIMIZATION_LEVEL = 0;
				GCC_PREPROCESSOR_DEFINITIONS = (
					"DEBUG=1",
					"$(inherited)",
				);
				GCC_WARN_64_TO_32_BIT_CONVERSION = YES;
				GCC_WARN_ABOUT_RETURN_TYPE = YES_ERROR;
				GCC_WARN_UNDECLARED_SELECTOR = YES;
				GCC_WARN_UNINITIALIZED_AUTOS = YES_AGGRESSIVE;
				GCC_WARN_UNUSED_FUNCTION = YES;
				GCC_WARN_UNUSED_VARIABLE = YES;
				IPHONEOS_DEPLOYMENT_TARGET = 10.0;
				MTL_ENABLE_DEBUG_INFO = YES;
				ONLY_ACTIVE_ARCH = YES;
				SDKROOT = iphoneos;
				SWIFT_ACTIVE_COMPILATION_CONDITIONS = DEBUG;
				SWIFT_OPTIMIZATION_LEVEL = "-Onone";
			};
			name = Debug;
		};
		FB8454161E97110F00A24196 /* Release */ = {
			isa = XCBuildConfiguration;
			buildSettings = {
				ALWAYS_SEARCH_USER_PATHS = NO;
				CLANG_ANALYZER_NONNULL = YES;
				CLANG_CXX_LANGUAGE_STANDARD = "gnu++0x";
				CLANG_CXX_LIBRARY = "libc++";
				CLANG_ENABLE_MODULES = YES;
				CLANG_ENABLE_OBJC_ARC = YES;
				CLANG_WARN_BOOL_CONVERSION = YES;
				CLANG_WARN_CONSTANT_CONVERSION = YES;
				CLANG_WARN_DIRECT_OBJC_ISA_USAGE = YES_ERROR;
				CLANG_WARN_DOCUMENTATION_COMMENTS = YES;
				CLANG_WARN_EMPTY_BODY = YES;
				CLANG_WARN_ENUM_CONVERSION = YES;
				CLANG_WARN_INFINITE_RECURSION = YES;
				CLANG_WARN_INT_CONVERSION = YES;
				CLANG_WARN_OBJC_ROOT_CLASS = YES_ERROR;
				CLANG_WARN_SUSPICIOUS_MOVES = YES;
				CLANG_WARN_UNREACHABLE_CODE = YES;
				CLANG_WARN__DUPLICATE_METHOD_MATCH = YES;
				"CODE_SIGN_IDENTITY[sdk=iphoneos*]" = "iPhone Developer";
				COPY_PHASE_STRIP = NO;
				DEBUG_INFORMATION_FORMAT = "dwarf-with-dsym";
				ENABLE_NS_ASSERTIONS = NO;
				ENABLE_STRICT_OBJC_MSGSEND = YES;
				GCC_C_LANGUAGE_STANDARD = gnu99;
				GCC_NO_COMMON_BLOCKS = YES;
				GCC_WARN_64_TO_32_BIT_CONVERSION = YES;
				GCC_WARN_ABOUT_RETURN_TYPE = YES_ERROR;
				GCC_WARN_UNDECLARED_SELECTOR = YES;
				GCC_WARN_UNINITIALIZED_AUTOS = YES_AGGRESSIVE;
				GCC_WARN_UNUSED_FUNCTION = YES;
				GCC_WARN_UNUSED_VARIABLE = YES;
				IPHONEOS_DEPLOYMENT_TARGET = 10.0;
				MTL_ENABLE_DEBUG_INFO = NO;
				SDKROOT = iphoneos;
				SWIFT_OPTIMIZATION_LEVEL = "-Owholemodule";
				VALIDATE_PRODUCT = YES;
			};
			name = Release;
		};
		FB8454181E97110F00A24196 /* Debug */ = {
			isa = XCBuildConfiguration;
			buildSettings = {
				ASSETCATALOG_COMPILER_APPICON_NAME = AppIcon;
				DEVELOPMENT_TEAM = 6UK6WGBK4Q;
				INFOPLIST_FILE = "Core Location en IOS/Info.plist";
				IPHONEOS_DEPLOYMENT_TARGET = 9.3;
				LD_RUNPATH_SEARCH_PATHS = "$(inherited) @executable_path/Frameworks";
				PRODUCT_BUNDLE_IDENTIFIER = "Core-Location";
				PRODUCT_NAME = "$(TARGET_NAME)";
				SWIFT_VERSION = 3.0;
			};
			name = Debug;
		};
		FB8454191E97110F00A24196 /* Release */ = {
			isa = XCBuildConfiguration;
			buildSettings = {
				ASSETCATALOG_COMPILER_APPICON_NAME = AppIcon;
				DEVELOPMENT_TEAM = 6UK6WGBK4Q;
				INFOPLIST_FILE = "Core Location en IOS/Info.plist";
				IPHONEOS_DEPLOYMENT_TARGET = 9.3;
				LD_RUNPATH_SEARCH_PATHS = "$(inherited) @executable_path/Frameworks";
				PRODUCT_BUNDLE_IDENTIFIER = "Core-Location";
				PRODUCT_NAME = "$(TARGET_NAME)";
				SWIFT_VERSION = 3.0;
			};
			name = Release;
		};
/* End XCBuildConfiguration section */

/* Begin XCConfigurationList section */
		FB8454001E97110F00A24196 /* Build configuration list for PBXProject "Core Location en IOS" */ = {
			isa = XCConfigurationList;
			buildConfigurations = (
				FB8454151E97110F00A24196 /* Debug */,
				FB8454161E97110F00A24196 /* Release */,
			);
			defaultConfigurationIsVisible = 0;
			defaultConfigurationName = Release;
		};
		FB8454171E97110F00A24196 /* Build configuration list for PBXNativeTarget "Core Location en IOS" */ = {
			isa = XCConfigurationList;
			buildConfigurations = (
				FB8454181E97110F00A24196 /* Debug */,
				FB8454191E97110F00A24196 /* Release */,
			);
			defaultConfigurationIsVisible = 0;
		};
/* End XCConfigurationList section */
	};
	rootObject = FB8453FD1E97110E00A24196 /* Project object */;
}
